
Microsoft Visual Studio Solution File, Format Version 12.00
# Visual Studio Version 17
VisualStudioVersion = 17.5.002.0
MinimumVisualStudioVersion = 10.0.40219.1
Project("{9A19103F-16F7-4668-BE54-9A1E7A4F7556}") = "Fizzbuzz", "Fizzbuzz\Fizzbuzz.csproj", "{94940501-65CB-4A77-B4D5-5548511552EC}"
EndProject
Global
	GlobalSection(SolutionConfigurationPlatforms) = preSolution
		Debug|Any CPU = Debug|Any CPU
		Release|Any CPU = Release|Any CPU
	EndGlobalSection
	GlobalSection(ProjectConfigurationPlatforms) = postSolution
		{94940501-65CB-4A77-B4D5-5548511552EC}.Debug|Any CPU.ActiveCfg = Debug|Any CPU
		{94940501-65CB-4A77-B4D5-5548511552EC}.Debug|Any CPU.Build.0 = Debug|Any CPU
		{94940501-65CB-4A77-B4D5-5548511552EC}.Release|Any CPU.ActiveCfg = Release|Any CPU
		{94940501-65CB-4A77-B4D5-5548511552EC}.Release|Any CPU.Build.0 = Release|Any CPU
	EndGlobalSection
	GlobalSection(SolutionProperties) = preSolution
		HideSolutionNode = FALSE
	EndGlobalSection
	GlobalSection(ExtensibilityGlobals) = postSolution
		SolutionGuid = {046067D8-AFD1-4DB3-88AC-D28DA2BB9919}
	EndGlobalSection
EndGlobal
